Microsoft Visual Studio Solution File, Format Version 11.00
# Visual Studio 2008

Project("{F468B613-B518-BF7C-E20F-5F1D8A87EFAD}") = "Pokemon-Yellow-Remake", "Assembly-CSharp.csproj", "{42B5A878-4946-1AFC-B007-7B1F9AAF6A82}"
EndProject
Global
	GlobalSection(SolutionConfigurationPlatforms) = preSolution
		Debug|Any CPU = Debug|Any CPU
		Release|Any CPU = Release|Any CPU
	EndGlobalSection
	GlobalSection(ProjectConfigurationPlatforms) = postSolution
		{42B5A878-4946-1AFC-B007-7B1F9AAF6A82}.Debug|Any CPU.ActiveCfg = Debug|Any CPU
		{42B5A878-4946-1AFC-B007-7B1F9AAF6A82}.Debug|Any CPU.Build.0 = Debug|Any CPU
		{42B5A878-4946-1AFC-B007-7B1F9AAF6A82}.Release|Any CPU.ActiveCfg = Release|Any CPU
		{42B5A878-4946-1AFC-B007-7B1F9AAF6A82}.Release|Any CPU.Build.0 = Release|Any CPU
	EndGlobalSection
	GlobalSection(SolutionProperties) = preSolution
		HideSolutionNode = FALSE
	EndGlobalSection
	GlobalSection(MonoDevelopProperties) = preSolution
		StartupItem = Assembly-CSharp.csproj
	EndGlobalSection
EndGlobal
